// !$*UTF8*$!
{
	archiveVersion = 1;
	classes = {
	};
	objectVersion = 77;
	objects = {

/* Begin PBXContainerItemProxy section */
		E83FC4B02F6A13F100A2DE20 /* PBXContainerItemProxy */ = {
			isa = PBXContainerItemProxy;
			containerPortal = E83FC49A2F6A13F000A2DE20 /* Project object */;
			proxyType = 1;
			remoteGlobalIDString = E83FC4A12F6A13F000A2DE20;
			remoteInfo = MusicPlayerSnippets;
		};
		E83FC4BA2F6A13F100A2DE20 /* PBXContainerItemProxy */ = {
			isa = PBXContainerItemProxy;
			containerPortal = E83FC49A2F6A13F000A2DE20 /* Project object */;
			proxyType = 1;
			remoteGlobalIDString = E83FC4A12F6A13F000A2DE20;
			remoteInfo = MusicPlayerSnippets;
		};
/* End PBXContainerItemProxy section */

/* Begin PBXFileReference section */
		E83FC4A22F6A13F000A2DE20 /* MusicPlayerSnippets.app */ = {isa = PBXFileReference; explicitFileType = wrapper.application; includeInIndex = 0; path = MusicPlayerSnippets.app; sourceTree = BUILT_PRODUCTS_DIR; };
		E83FC4AF2F6A13F100A2DE20 /* MusicPlayerSnippetsTests.xctest */ = {isa = PBXFileReference; explicitFileType = wrapper.cfbundle; includeInIndex = 0; path = MusicPlayerSnippetsTests.xctest; sourceTree = BUILT_PRODUCTS_DIR; };
		E83FC4B92F6A13F100A2DE20 /* MusicPlayerSnippetsUITests.xctest */ = {isa = PBXFileReference; explicitFileType = wrapper.cfbundle; includeInIndex = 0; path = MusicPlayerSnippetsUITests.xctest; sourceTree = BUILT_PRODUCTS_DIR; };
/* End PBXFileReference section */

/* Begin PBXFileSystemSynchronizedRootGroup section */
		E83FC4A42F6A13F000A2DE20 /* MusicPlayerSnippets */ = {
			isa = PBXFileSystemSynchronizedRootGroup;
			path = MusicPlayerSnippets;
			sourceTree = "<group>";
		};
		E83FC4B22F6A13F100A2DE20 /* MusicPlayerSnippetsTests */ = {
			isa = PBXFileSystemSynchronizedRootGroup;
			path = MusicPlayerSnippetsTests;
			sourceTree = "<group>";
		};
		E83FC4BC2F6A13F100A2DE20 /* MusicPlayerSnippetsUITests */ = {
			isa = PBXFileSystemSynchronizedRootGroup;
			path = MusicPlayerSnippetsUITests;
			sourceTree = "<group>";
		};
/* End PBXFileSystemSynchronizedRootGroup section */

/* Begin PBXFrameworksBuildPhase section */
		E83FC49F2F6A13F000A2DE20 /* Frameworks */ = {
			isa = PBXFrameworksBuildPhase;
			buildActionMask = 2147483647;
			files = (
			);
			runOnlyForDeploymentPostprocessing = 0;
		};
		E83FC4AC2F6A13F100A2DE20 /* Frameworks */ = {
			isa = PBXFrameworksBuildPhase;
			buildActionMask = 2147483647;
			files = (
			);
			runOnlyForDeploymentPostprocessing = 0;
		};
		E83FC4B62F6A13F100A2DE20 /* Frameworks */ = {
			isa = PBXFrameworksBuildPhase;
			buildActionMask = 2147483647;
			files = (
			);
			runOnlyForDeploymentPostprocessing = 0;
		};
/* End PBXFrameworksBuildPhase section */

/* Begin PBXGroup section */
		E83FC4992F6A13F000A2DE20 = {
			isa = PBXGroup;
			children = (
				E83FC4A42F6A13F000A2DE20 /* MusicPlayerSnippets */,
				E83FC4B22F6A13F100A2DE20 /* MusicPlayerSnippetsTests */,
				E83FC4BC2F6A13F100A2DE20 /* MusicPlayerSnippetsUITests */,
				E83FC4A32F6A13F000A2DE20 /* Products */,
			);
			sourceTree = "<group>";
		};
		E83FC4A32F6A13F000A2DE20 /* Products */ = {
			isa = PBXGroup;
			children = (
				E83FC4A22F6A13F000A2DE20 /* MusicPlayerSnippets.app */,
				E83FC4AF2F6A13F100A2DE20 /* MusicPlayerSnippetsTests.xctest */,
				E83FC4B92F6A13F100A2DE20 /* MusicPlayerSnippetsUITests.xctest */,
			);
			name = Products;
			sourceTree = "<group>";
		};
/* End PBXGroup section */

/* Begin PBXNativeTarget section */
		E83FC4A12F6A13F000A2DE20 /* MusicPlayerSnippets */ = {
			isa = PBXNativeTarget;
			buildConfigurationList = E83FC4C32F6A13F100A2DE20 /* Build configuration list for PBXNativeTarget "MusicPlayerSnippets" */;
			buildPhases = (
				E83FC49E2F6A13F000A2DE20 /* Sources */,
				E83FC49F2F6A13F000A2DE20 /* Frameworks */,
				E83FC4A02F6A13F000A2DE20 /* Resources */,
			);
			buildRules = (
			);
			dependencies = (
			);
			fileSystemSynchronizedGroups = (
				E83FC4A42F6A13F000A2DE20 /* MusicPlayerSnippets */,
			);
			name = MusicPlayerSnippets;
			packageProductDependencies = (
			);
			productName = MusicPlayerSnippets;
			productReference = E83FC4A22F6A13F000A2DE20 /* MusicPlayerSnippets.app */;
			productType = "com.apple.product-type.application";
		};
		E83FC4AE2F6A13F100A2DE20 /* MusicPlayerSnippetsTests */ = {
			isa = PBXNativeTarget;
			buildConfigurationList = E83FC4C62F6A13F100A2DE20 /* Build configuration list for PBXNativeTarget "MusicPlayerSnippetsTests" */;
			buildPhases = (
				E83FC4AB2F6A13F100A2DE20 /* Sources */,
				E83FC4AC2F6A13F100A2DE20 /* Frameworks */,
				E83FC4AD2F6A13F100A2DE20 /* Resources */,
			);
			buildRules = (
			);
			dependencies = (
				E83FC4B12F6A13F100A2DE20 /* PBXTargetDependency */,
			);
			fileSystemSynchronizedGroups = (
				E83FC4B22F6A13F100A2DE20 /* MusicPlayerSnippetsTests */,
			);
			name = MusicPlayerSnippetsTests;
			packageProductDependencies = (
			);
			productName = MusicPlayerSnippetsTests;
			productReference = E83FC4AF2F6A13F100A2DE20 /* MusicPlayerSnippetsTests.xctest */;
			productType = "com.apple.product-type.bundle.unit-test";
		};
		E83FC4B82F6A13F100A2DE20 /* MusicPlayerSnippetsUITests */ = {
			isa = PBXNativeTarget;
			buildConfigurationList = E83FC4C92F6A13F100A2DE20 /* Build configuration list for PBXNativeTarget "MusicPlayerSnippetsUITests" */;
			buildPhases = (
				E83FC4B52F6A13F100A2DE20 /* Sources */,
				E83FC4B62F6A13F100A2DE20 /* Frameworks */,
				E83FC4B72F6A13F100A2DE20 /* Resources */,
			);
			buildRules = (
			);
			dependencies = (
				E83FC4BB2F6A13F100A2DE20 /* PBXTargetDependency */,
			);
			fileSystemSynchronizedGroups = (
				E83FC4BC2F6A13F100A2DE20 /* MusicPlayerSnippetsUITests */,
			);
			name = MusicPlayerSnippetsUITests;
			packageProductDependencies = (
			);
			productName = MusicPlayerSnippetsUITests;
			productReference = E83FC4B92F6A13F100A2DE20 /* MusicPlayerSnippetsUITests.xctest */;
			productType = "com.apple.product-type.bundle.ui-testing";
		};
/* End PBXNativeTarget section */

/* Begin PBXProject section */
		E83FC49A2F6A13F000A2DE20 /* Project object */ = {
			isa = PBXProject;
			attributes = {
				BuildIndependentTargetsInParallel = 1;
				LastSwiftUpdateCheck = 2600;
				LastUpgradeCheck = 2600;
				TargetAttributes = {
					E83FC4A12F6A13F000A2DE20 = {
						CreatedOnToolsVersion = 26.0.1;
					};
					E83FC4AE2F6A13F100A2DE20 = {
						CreatedOnToolsVersion = 26.0.1;
						TestTargetID = E83FC4A12F6A13F000A2DE20;
					};
					E83FC4B82F6A13F100A2DE20 = {
						CreatedOnToolsVersion = 26.0.1;
						TestTargetID = E83FC4A12F6A13F000A2DE20;
					};
				};
			};
			buildConfigurationList = E83FC49D2F6A13F000A2DE20 /* Build configuration list for PBXProject "MusicPlayerSnippets" */;
			developmentRegion = en;
			hasScannedForEncodings = 0;
			knownRegions = (
				en,
				Base,
			);
			mainGroup = E83FC4992F6A13F000A2DE20;
			minimizedProjectReferenceProxies = 1;
			preferredProjectObjectVersion = 77;
			productRefGroup = E83FC4A32F6A13F000A2DE20 /* Products */;
			projectDirPath = "";
			projectRoot = "";
			targets = (
				E83FC4A12F6A13F000A2DE20 /* MusicPlayerSnippets */,
				E83FC4AE2F6A13F100A2DE20 /* MusicPlayerSnippetsTests */,
				E83FC4B82F6A13F100A2DE20 /* MusicPlayerSnippetsUITests */,
			);
		};
/* End PBXProject section */

/* Begin PBXResourcesBuildPhase section */
		E83FC4A02F6A13F000A2DE20 /* Resources */ = {
			isa = PBXResourcesBuildPhase;
			buildActionMask = 2147483647;
			files = (
			);
			runOnlyForDeploymentPostprocessing = 0;
		};
		E83FC4AD2F6A13F100A2DE20 /* Resources */ = {
			isa = PBXResourcesBuildPhase;
			buildActionMask = 2147483647;
			files = (
			);
			runOnlyForDeploymentPostprocessing = 0;
		};
		E83FC4B72F6A13F100A2DE20 /* Resources */ = {
			isa = PBXResourcesBuildPhase;
			buildActionMask = 2147483647;
			files = (
			);
			runOnlyForDeploymentPostprocessing = 0;
		};
/* End PBXResourcesBuildPhase section */

/* Begin PBXSourcesBuildPhase section */
		E83FC49E2F6A13F000A2DE20 /* Sources */ = {
			isa = PBXSourcesBuildPhase;
			buildActionMask = 2147483647;
			files = (
			);
			runOnlyForDeploymentPostprocessing = 0;
		};
		E83FC4AB2F6A13F100A2DE20 /* Sources */ = {
			isa = PBXSourcesBuildPhase;
			buildActionMask = 2147483647;
			files = (
			);
			runOnlyForDeploymentPostprocessing = 0;
		};
		E83FC4B52F6A13F100A2DE20 /* Sources */ = {
			isa = PBXSourcesBuildPhase;
			buildActionMask = 2147483647;
			files = (
			);
			runOnlyForDeploymentPostprocessing = 0;
		};
/* End PBXSourcesBuildPhase section */

/* Begin PBXTargetDependency section */
		E83FC4B12F6A13F100A2DE20 /* PBXTargetDependency */ = {
			isa = PBXTargetDependency;
			target = E83FC4A12F6A13F000A2DE20 /* MusicPlayerSnippets */;
			targetProxy = E83FC4B02F6A13F100A2DE20 /* PBXContainerItemProxy */;
		};
		E83FC4BB2F6A13F100A2DE20 /* PBXTargetDependency */ = {
			isa = PBXTargetDependency;
			target = E83FC4A12F6A13F000A2DE20 /* MusicPlayerSnippets */;
			targetProxy = E83FC4BA2F6A13F100A2DE20 /* PBXContainerItemProxy */;
		};
/* End PBXTargetDependency section */

/* Begin XCBuildConfiguration section */
		E83FC4C12F6A13F100A2DE20 /* Debug */ = {
			isa = XCBuildConfiguration;
			buildSettings = {
				ALWAYS_SEARCH_USER_PATHS = NO;
				ASSETCATALOG_COMPILER_GENERATE_SWIFT_ASSET_SYMBOL_EXTENSIONS = YES;
				CLANG_ANALYZER_NONNULL = YES;
				CLANG_ANALYZER_NUMBER_OBJECT_CONVERSION = YES_AGGRESSIVE;
				CLANG_CXX_LANGUAGE_STANDARD = "gnu++20";
				CLANG_ENABLE_MODULES = YES;
				CLANG_ENABLE_OBJC_ARC = YES;
				CLANG_ENABLE_OBJC_WEAK = YES;
				CLANG_WARN_BLOCK_CAPTURE_AUTORELEASING = YES;
				CLANG_WARN_BOOL_CONVERSION = YES;
				CLANG_WARN_COMMA = YES;
				CLANG_WARN_CONSTANT_CONVERSION = YES;
				CLANG_WARN_DEPRECATED_OBJC_IMPLEMENTATIONS = YES;
				CLANG_WARN_DIRECT_OBJC_ISA_USAGE = YES_ERROR;
				CLANG_WARN_DOCUMENTATION_COMMENTS = YES;
				CLANG_WARN_EMPTY_BODY = YES;
				CLANG_WARN_ENUM_CONVERSION = YES;
				CLANG_WARN_INFINITE_RECURSION = YES;
				CLANG_WARN_INT_CONVERSION = YES;
				CLANG_WARN_NON_LITERAL_NULL_CONVERSION = YES;
				CLANG_WARN_OBJC_IMPLICIT_RETAIN_SELF = YES;
				CLANG_WARN_OBJC_LITERAL_CONVERSION = YES;
				CLANG_WARN_OBJC_ROOT_CLASS = YES_ERROR;
				CLANG_WARN_QUOTED_INCLUDE_IN_FRAMEWORK_HEADER = YES;
				CLANG_WARN_RANGE_LOOP_ANALYSIS = YES;
				CLANG_WARN_STRICT_PROTOTYPES = YES;
				CLANG_WARN_SUSPICIOUS_MOVE = YES;
				CLANG_WARN_UNGUARDED_AVAILABILITY = YES_AGGRESSIVE;
				CLANG_WARN_UNREACHABLE_CODE = YES;
				CLANG_WARN__DUPLICATE_METHOD_MATCH = YES;
				COPY_PHASE_STRIP = NO;
				DEBUG_INFORMATION_FORMAT = dwarf;
				DEVELOPMENT_TEAM = L7RQ7B5F43;
				ENABLE_STRICT_OBJC_MSGSEND = YES;
				ENABLE_TESTABILITY = YES;
				ENABLE_USER_SCRIPT_SANDBOXING = YES;
				GCC_C_LANGUAGE_STANDARD = gnu17;
				GCC_DYNAMIC_NO_PIC = NO;
				GCC_NO_COMMON_BLOCKS = YES;
				GCC_OPTIMIZATION_LEVEL = 0;
				GCC_PREPROCESSOR_DEFINITIONS = (
					"DEBUG=1",
					"$(inherited)",
				);
				GCC_WARN_64_TO_32_BIT_CONVERSION = YES;
				GCC_WARN_ABOUT_RETURN_TYPE = YES_ERROR;
				GCC_WARN_UNDECLARED_SELECTOR = YES;
				GCC_WARN_UNINITIALIZED_AUTOS = YES_AGGRESSIVE;
				GCC_WARN_UNUSED_FUNCTION = YES;
				GCC_WARN_UNUSED_VARIABLE = YES;
				IPHONEOS_DEPLOYMENT_TARGET = 26.0;
				LOCALIZATION_PREFERS_STRING_CATALOGS = YES;
				MTL_ENABLE_DEBUG_INFO = INCLUDE_SOURCE;
				MTL_FAST_MATH = YES;
				ONLY_ACTIVE_ARCH = YES;
				SDKROOT = iphoneos;
				SWIFT_ACTIVE_COMPILATION_CONDITIONS = "DEBUG $(inherited)";
				SWIFT_OPTIMIZATION_LEVEL = "-Onone";
			};
			name = Debug;
		};
		E83FC4C22F6A13F100A2DE20 /* Release */ = {
			isa = XCBuildConfiguration;
			buildSettings = {
				ALWAYS_SEARCH_USER_PATHS = NO;
				ASSETCATALOG_COMPILER_GENERATE_SWIFT_ASSET_SYMBOL_EXTENSIONS = YES;
				CLANG_ANALYZER_NONNULL = YES;
				CLANG_ANALYZER_NUMBER_OBJECT_CONVERSION = YES_AGGRESSIVE;
				CLANG_CXX_LANGUAGE_STANDARD = "gnu++20";
				CLANG_ENABLE_MODULES = YES;
				CLANG_ENABLE_OBJC_ARC = YES;
				CLANG_ENABLE_OBJC_WEAK = YES;
				CLANG_WARN_BLOCK_CAPTURE_AUTORELEASING = YES;
				CLANG_WARN_BOOL_CONVERSION = YES;
				CLANG_WARN_COMMA = YES;
				CLANG_WARN_CONSTANT_CONVERSION = YES;
				CLANG_WARN_DEPRECATED_OBJC_IMPLEMENTATIONS = YES;
				CLANG_WARN_DIRECT_OBJC_ISA_USAGE = YES_ERROR;
				CLANG_WARN_DOCUMENTATION_COMMENTS = YES;
				CLANG_WARN_EMPTY_BODY = YES;
				CLANG_WARN_ENUM_CONVERSION = YES;
				CLANG_WARN_INFINITE_RECURSION = YES;
				CLANG_WARN_INT_CONVERSION = YES;
				CLANG_WARN_NON_LITERAL_NULL_CONVERSION = YES;
				CLANG_WARN_OBJC_IMPLICIT_RETAIN_SELF = YES;
				CLANG_WARN_OBJC_LITERAL_CONVERSION = YES;
				CLANG_WARN_OBJC_ROOT_CLASS = YES_ERROR;
				CLANG_WARN_QUOTED_INCLUDE_IN_FRAMEWORK_HEADER = YES;
				CLANG_WARN_RANGE_LOOP_ANALYSIS = YES;
				CLANG_WARN_STRICT_PROTOTYPES = YES;
				CLANG_WARN_SUSPICIOUS_MOVE = YES;
				CLANG_WARN_UNGUARDED_AVAILABILITY = YES_AGGRESSIVE;
				CLANG_WARN_UNREACHABLE_CODE = YES;
				CLANG_WARN__DUPLICATE_METHOD_MATCH = YES;
				COPY_PHASE_STRIP = NO;
				DEBUG_INFORMATION_FORMAT = "dwarf-with-dsym";
				DEVELOPMENT_TEAM = L7RQ7B5F43;
				ENABLE_NS_ASSERTIONS = NO;
				ENABLE_STRICT_OBJC_MSGSEND = YES;
				ENABLE_USER_SCRIPT_SANDBOXING = YES;
				GCC_C_LANGUAGE_STANDARD = gnu17;
				GCC_NO_COMMON_BLOCKS = YES;
				GCC_WARN_64_TO_32_BIT_CONVERSION = YES;
				GCC_WARN_ABOUT_RETURN_TYPE = YES_ERROR;
				GCC_WARN_UNDECLARED_SELECTOR = YES;
				GCC_WARN_UNINITIALIZED_AUTOS = YES_AGGRESSIVE;
				GCC_WARN_UNUSED_FUNCTION = YES;
				GCC_WARN_UNUSED_VARIABLE = YES;
				IPHONEOS_DEPLOYMENT_TARGET = 26.0;
				LOCALIZATION_PREFERS_STRING_CATALOGS = YES;
				MTL_ENABLE_DEBUG_INFO = NO;
				MTL_FAST_MATH = YES;
				SDKROOT = iphoneos;
				SWIFT_COMPILATION_MODE = wholemodule;
				VALIDATE_PRODUCT = YES;
			};
			name = Release;
		};
		E83FC4C42F6A13F100A2DE20 /* Debug */ = {
			isa = XCBuildConfiguration;
			buildSettings = {
				ASSETCATALOG_COMPILER_APPICON_NAME = AppIcon;
				ASSETCATALOG_COMPILER_GLOBAL_ACCENT_COLOR_NAME = AccentColor;
				CODE_SIGN_STYLE = Automatic;
				CURRENT_PROJECT_VERSION = 1;
				DEVELOPMENT_TEAM = L7RQ7B5F43;
				ENABLE_PREVIEWS = YES;
				GENERATE_INFOPLIST_FILE = YES;
				INFOPLIST_KEY_UIApplicationSceneManifest_Generation = YES;
				INFOPLIST_KEY_UIApplicationSupportsIndirectInputEvents = YES;
				INFOPLIST_KEY_UILaunchScreen_Generation = YES;
				INFOPLIST_KEY_UISupportedInterfaceOrientations_iPad = "UIInterfaceOrientationPortrait UIInterfaceOrientationPortraitUpsideDown UIInterfaceOrientationLandscapeLeft UIInterfaceOrientationLandscapeRight";
				INFOPLIST_KEY_UISupportedInterfaceOrientations_iPhone = "UIInterfaceOrientationPortrait UIInterfaceOrientationLandscapeLeft UIInterfaceOrientationLandscapeRight";
				LD_RUNPATH_SEARCH_PATHS = (
					"$(inherited)",
					"@executable_path/Frameworks",
				);
				MARKETING_VERSION = 1.0;
				PRODUCT_BUNDLE_IDENTIFIER = com.manu.kode.MusicPlayerSnippets;
				PRODUCT_NAME = "$(TARGET_NAME)";
				STRING_CATALOG_GENERATE_SYMBOLS = YES;
				SWIFT_APPROACHABLE_CONCURRENCY = YES;
				SWIFT_DEFAULT_ACTOR_ISOLATION = MainActor;
				SWIFT_EMIT_LOC_STRINGS = YES;
				SWIFT_UPCOMING_FEATURE_MEMBER_IMPORT_VISIBILITY = YES;
				SWIFT_VERSION = 5.0;
				TARGETED_DEVICE_FAMILY = "1,2";
			};
			name = Debug;
		};
		E83FC4C52F6A13F100A2DE20 /* Release */ = {
			isa = XCBuildConfiguration;
			buildSettings = {
				ASSETCATALOG_COMPILER_APPICON_NAME = AppIcon;
				ASSETCATALOG_COMPILER_GLOBAL_ACCENT_COLOR_NAME = AccentColor;
				CODE_SIGN_STYLE = Automatic;
				CURRENT_PROJECT_VERSION = 1;
				DEVELOPMENT_TEAM = L7RQ7B5F43;
				ENABLE_PREVIEWS = YES;
				GENERATE_INFOPLIST_FILE = YES;
				INFOPLIST_KEY_UIApplicationSceneManifest_Generation = YES;
				INFOPLIST_KEY_UIApplicationSupportsIndirectInputEvents = YES;
				INFOPLIST_KEY_UILaunchScreen_Generation = YES;
				INFOPLIST_KEY_UISupportedInterfaceOrientations_iPad = "UIInterfaceOrientationPortrait UIInterfaceOrientationPortraitUpsideDown UIInterfaceOrientationLandscapeLeft UIInterfaceOrientationLandscapeRight";
				INFOPLIST_KEY_UISupportedInterfaceOrientations_iPhone = "UIInterfaceOrientationPortrait UIInterfaceOrientationLandscapeLeft UIInterfaceOrientationLandscapeRight";
				LD_RUNPATH_SEARCH_PATHS = (
					"$(inherited)",
					"@executable_path/Frameworks",
				);
				MARKETING_VERSION = 1.0;
				PRODUCT_BUNDLE_IDENTIFIER = com.manu.kode.MusicPlayerSnippets;
				PRODUCT_NAME = "$(TARGET_NAME)";
				STRING_CATALOG_GENERATE_SYMBOLS = YES;
				SWIFT_APPROACHABLE_CONCURRENCY = YES;
				SWIFT_DEFAULT_ACTOR_ISOLATION = MainActor;
				SWIFT_EMIT_LOC_STRINGS = YES;
				SWIFT_UPCOMING_FEATURE_MEMBER_IMPORT_VISIBILITY = YES;
				SWIFT_VERSION = 5.0;
				TARGETED_DEVICE_FAMILY = "1,2";
			};
			name = Release;
		};
		E83FC4C72F6A13F100A2DE20 /* Debug */ = {
			isa = XCBuildConfiguration;
			buildSettings = {
				BUNDLE_LOADER = "$(TEST_HOST)";
				CODE_SIGN_STYLE = Automatic;
				CURRENT_PROJECT_VERSION = 1;
				DEVELOPMENT_TEAM = L7RQ7B5F43;
				GENERATE_INFOPLIST_FILE = YES;
				IPHONEOS_DEPLOYMENT_TARGET = 26.0;
				MARKETING_VERSION = 1.0;
				PRODUCT_BUNDLE_IDENTIFIER = com.manu.kode.MusicPlayerSnippetsTests;
				PRODUCT_NAME = "$(TARGET_NAME)";
				STRING_CATALOG_GENERATE_SYMBOLS = NO;
				SWIFT_APPROACHABLE_CONCURRENCY = YES;
				SWIFT_EMIT_LOC_STRINGS = NO;
				SWIFT_UPCOMING_FEATURE_MEMBER_IMPORT_VISIBILITY = YES;
				SWIFT_VERSION = 5.0;
				TARGETED_DEVICE_FAMILY = "1,2";
				TEST_HOST = "$(BUILT_PRODUCTS_DIR)/MusicPlayerSnippets.app/$(BUNDLE_EXECUTABLE_FOLDER_PATH)/MusicPlayerSnippets";
			};
			name = Debug;
		};
		E83FC4C82F6A13F100A2DE20 /* Release */ = {
			isa = XCBuildConfiguration;
			buildSettings = {
				BUNDLE_LOADER = "$(TEST_HOST)";
				CODE_SIGN_STYLE = Automatic;
				CURRENT_PROJECT_VERSION = 1;
				DEVELOPMENT_TEAM = L7RQ7B5F43;
				GENERATE_INFOPLIST_FILE = YES;
				IPHONEOS_DEPLOYMENT_TARGET = 26.0;
				MARKETING_VERSION = 1.0;
				PRODUCT_BUNDLE_IDENTIFIER = com.manu.kode.MusicPlayerSnippetsTests;
				PRODUCT_NAME = "$(TARGET_NAME)";
				STRING_CATALOG_GENERATE_SYMBOLS = NO;
				SWIFT_APPROACHABLE_CONCURRENCY = YES;
				SWIFT_EMIT_LOC_STRINGS = NO;
				SWIFT_UPCOMING_FEATURE_MEMBER_IMPORT_VISIBILITY = YES;
				SWIFT_VERSION = 5.0;
				TARGETED_DEVICE_FAMILY = "1,2";
				TEST_HOST = "$(BUILT_PRODUCTS_DIR)/MusicPlayerSnippets.app/$(BUNDLE_EXECUTABLE_FOLDER_PATH)/MusicPlayerSnippets";
			};
			name = Release;
		};
		E83FC4CA2F6A13F100A2DE20 /* Debug */ = {
			isa = XCBuildConfiguration;
			buildSettings = {
				CODE_SIGN_STYLE = Automatic;
				CURRENT_PROJECT_VERSION = 1;
				DEVELOPMENT_TEAM = L7RQ7B5F43;
				GENERATE_INFOPLIST_FILE = YES;
				MARKETING_VERSION = 1.0;
				PRODUCT_BUNDLE_IDENTIFIER = com.manu.kode.MusicPlayerSnippetsUITests;
				PRODUCT_NAME = "$(TARGET_NAME)";
				STRING_CATALOG_GENERATE_SYMBOLS = NO;
				SWIFT_APPROACHABLE_CONCURRENCY = YES;
				SWIFT_EMIT_LOC_STRINGS = NO;
				SWIFT_UPCOMING_FEATURE_MEMBER_IMPORT_VISIBILITY = YES;
				SWIFT_VERSION = 5.0;
				TARGETED_DEVICE_FAMILY = "1,2";
				TEST_TARGET_NAME = MusicPlayerSnippets;
			};
			name = Debug;
		};
		E83FC4CB2F6A13F100A2DE20 /* Release */ = {
			isa = XCBuildConfiguration;
			buildSettings = {
				CODE_SIGN_STYLE = Automatic;
				CURRENT_PROJECT_VERSION = 1;
				DEVELOPMENT_TEAM = L7RQ7B5F43;
				GENERATE_INFOPLIST_FILE = YES;
				MARKETING_VERSION = 1.0;
				PRODUCT_BUNDLE_IDENTIFIER = com.manu.kode.MusicPlayerSnippetsUITests;
				PRODUCT_NAME = "$(TARGET_NAME)";
				STRING_CATALOG_GENERATE_SYMBOLS = NO;
				SWIFT_APPROACHABLE_CONCURRENCY = YES;
				SWIFT_EMIT_LOC_STRINGS = NO;
				SWIFT_UPCOMING_FEATURE_MEMBER_IMPORT_VISIBILITY = YES;
				SWIFT_VERSION = 5.0;
				TARGETED_DEVICE_FAMILY = "1,2";
				TEST_TARGET_NAME = MusicPlayerSnippets;
			};
			name = Release;
		};
/* End XCBuildConfiguration section */

/* Begin XCConfigurationList section */
		E83FC49D2F6A13F000A2DE20 /* Build configuration list for PBXProject "MusicPlayerSnippets" */ = {
			isa = XCConfigurationList;
			buildConfigurations = (
				E83FC4C12F6A13F100A2DE20 /* Debug */,
				E83FC4C22F6A13F100A2DE20 /* Release */,
			);
			defaultConfigurationIsVisible = 0;
			defaultConfigurationName = Release;
		};
		E83FC4C32F6A13F100A2DE20 /* Build configuration list for PBXNativeTarget "MusicPlayerSnippets" */ = {
			isa = XCConfigurationList;
			buildConfigurations = (
				E83FC4C42F6A13F100A2DE20 /* Debug */,
				E83FC4C52F6A13F100A2DE20 /* Release */,
			);
			defaultConfigurationIsVisible = 0;
			defaultConfigurationName = Release;
		};
		E83FC4C62F6A13F100A2DE20 /* Build configuration list for PBXNativeTarget "MusicPlayerSnippetsTests" */ = {
			isa = XCConfigurationList;
			buildConfigurations = (
				E83FC4C72F6A13F100A2DE20 /* Debug */,
				E83FC4C82F6A13F100A2DE20 /* Release */,
			);
			defaultConfigurationIsVisible = 0;
			defaultConfigurationName = Release;
		};
		E83FC4C92F6A13F100A2DE20 /* Build configuration list for PBXNativeTarget "MusicPlayerSnippetsUITests" */ = {
			isa = XCConfigurationList;
			buildConfigurations = (
				E83FC4CA2F6A13F100A2DE20 /* Debug */,
				E83FC4CB2F6A13F100A2DE20 /* Release */,
			);
			defaultConfigurationIsVisible = 0;
			defaultConfigurationName = Release;
		};
/* End XCConfigurationList section */
	};
	rootObject = E83FC49A2F6A13F000A2DE20 /* Project object */;
}
